
Microsoft Visual Studio Solution File, Format Version 12.00
# Visual Studio Version 17
VisualStudioVersion = 17.11.35327.3
MinimumVisualStudioVersion = 10.0.40219.1
Project("{FAE04EC0-301F-11D3-BF4B-00C04F79EFBC}") = "PollyCircuitBreaker", "PollyCircuitBreaker\PollyCircuitBreaker.csproj", "{B377AFC9-FF0E-44F0-8965-7767157282EF}"
EndProject
Global
	GlobalSection(SolutionConfigurationPlatforms) = preSolution
		Debug|Any CPU = Debug|Any CPU
		Release|Any CPU = Release|Any CPU
	EndGlobalSection
	GlobalSection(ProjectConfigurationPlatforms) = postSolution
		{B377AFC9-FF0E-44F0-8965-7767157282EF}.Debug|Any CPU.ActiveCfg = Debug|Any CPU
		{B377AFC9-FF0E-44F0-8965-7767157282EF}.Debug|Any CPU.Build.0 = Debug|Any CPU
		{B377AFC9-FF0E-44F0-8965-7767157282EF}.Release|Any CPU.ActiveCfg = Release|Any CPU
		{B377AFC9-FF0E-44F0-8965-7767157282EF}.Release|Any CPU.Build.0 = Release|Any CPU
	EndGlobalSection
	GlobalSection(SolutionProperties) = preSolution
		HideSolutionNode = FALSE
	EndGlobalSection
	GlobalSection(ExtensibilityGlobals) = postSolution
		SolutionGuid = {B67752B8-9CDB-4138-AD25-23EA2E15B9B4}
	EndGlobalSection
EndGlobal
